
Microsoft Visual Studio Solution File, Format Version 10.00
# Visual Studio 2008
Project("{FAE04EC0-301F-11D3-BF4B-00C04F79EFBC}") = "VkCommon", "VK_COM\VkCommon.csproj", "{A1B27BE5-4EB3-4699-91CA-839752A0D603}"
EndProject
Project("{2150E333-8FDC-42A3-9474-1A3956D46DE8}") = "Tests", "Tests", "{36653A88-0A3A-438E-96E4-17EDFA875AF2}"
EndProject
Project("{2150E333-8FDC-42A3-9474-1A3956D46DE8}") = "Lib", "Lib", "{0BD1E544-05F3-4595-93B9-4679C4F52958}"
EndProject
Project("{FAE04EC0-301F-11D3-BF4B-00C04F79EFBC}") = "VkHistory", "VkHistory\VkHistory.csproj", "{E225D504-5B2D-44B1-ABDB-51A38729D088}"
EndProject
Project("{FAE04EC0-301F-11D3-BF4B-00C04F79EFBC}") = "VkScheduler", "VkScheduler\VkScheduler.csproj", "{CB508390-DE80-48D1-9962-6C991287552A}"
EndProject
Project("{FAE04EC0-301F-11D3-BF4B-00C04F79EFBC}") = "VkHistoryTests", "VkHistoryTests\VkHistoryTests.csproj", "{30503930-E971-49C1-8BC4-FABE10442C3A}"
EndProject
Project("{2150E333-8FDC-42A3-9474-1A3956D46DE8}") = "Solution Items", "Solution Items", "{90D81BFE-BAFB-41FF-AC45-92FF425E694B}"
	ProjectSection(SolutionItems) = preProject
		LocalTestRun.testrunconfig = LocalTestRun.testrunconfig
		VK_COM.vsmdi = VK_COM.vsmdi
	EndProjectSection
EndProject
Project("{FAE04EC0-301F-11D3-BF4B-00C04F79EFBC}") = "VkCommands", "VkCommands\VkCommands.csproj", "{40C1719A-A97F-48AF-8826-7593EC767633}"
EndProject
Project("{FAE04EC0-301F-11D3-BF4B-00C04F79EFBC}") = "VkAuthorization", "VkAuthorization\VkAuthorization.csproj", "{54E32B35-B0A2-4FE0-97E7-53FFDE2FCFE3}"
EndProject
Project("{FAE04EC0-301F-11D3-BF4B-00C04F79EFBC}") = "VkAuthorizationTests", "VkAuthorizationTests\VkAuthorizationTests.csproj", "{E4DA59BF-5FCE-47BE-9523-EEDB24924D2E}"
EndProject
Project("{FAE04EC0-301F-11D3-BF4B-00C04F79EFBC}") = "VkSearch", "VkSearch\VkSearch.csproj", "{6FF20EE2-E68E-42A4-8C99-0F35A72B1085}"
EndProject
Project("{2150E333-8FDC-42A3-9474-1A3956D46DE8}") = "Projects", "Projects", "{9B5F6625-D22D-4DD6-876B-68082CED5C1C}"
EndProject
Project("{FAE04EC0-301F-11D3-BF4B-00C04F79EFBC}") = "VkAnalyzer", "VkAnalyzer\VkAnalyzer.csproj", "{5BE2E5CE-A870-4DFF-B917-81AD41453189}"
EndProject
Project("{2150E333-8FDC-42A3-9474-1A3956D46DE8}") = "Mocks", "Mocks", "{99A6C42D-194E-4B76-83A5-ED6373576B00}"
EndProject
Project("{FAE04EC0-301F-11D3-BF4B-00C04F79EFBC}") = "ConsoleMock", "ConsoleMock\ConsoleMock.csproj", "{AD38EB53-B85B-4A93-A558-25B4D685D601}"
EndProject
Project("{2150E333-8FDC-42A3-9474-1A3956D46DE8}") = "Misc", "Misc", "{E7234E81-FDE5-4063-91D7-9D12CD5F0EF6}"
EndProject
Project("{FAE04EC0-301F-11D3-BF4B-00C04F79EFBC}") = "SameVkIdChecker", "SameVkIdChecker\SameVkIdChecker.csproj", "{0BC21148-EA56-4F76-AC39-764874D22987}"
EndProject
Global
	GlobalSection(TestCaseManagementSettings) = postSolution
		CategoryFile = VK_COM.vsmdi
	EndGlobalSection
	GlobalSection(SolutionConfigurationPlatforms) = preSolution
		Debug|Any CPU = Debug|Any CPU
		Release|Any CPU = Release|Any CPU
	EndGlobalSection
	GlobalSection(ProjectConfigurationPlatforms) = postSolution
		{A1B27BE5-4EB3-4699-91CA-839752A0D603}.Debug|Any CPU.ActiveCfg = Debug|Any CPU
		{A1B27BE5-4EB3-4699-91CA-839752A0D603}.Debug|Any CPU.Build.0 = Debug|Any CPU
		{A1B27BE5-4EB3-4699-91CA-839752A0D603}.Release|Any CPU.ActiveCfg = Release|Any CPU
		{A1B27BE5-4EB3-4699-91CA-839752A0D603}.Release|Any CPU.Build.0 = Release|Any CPU
		{E225D504-5B2D-44B1-ABDB-51A38729D088}.Debug|Any CPU.ActiveCfg = Debug|Any CPU
		{E225D504-5B2D-44B1-ABDB-51A38729D088}.Debug|Any CPU.Build.0 = Debug|Any CPU
		{E225D504-5B2D-44B1-ABDB-51A38729D088}.Release|Any CPU.ActiveCfg = Release|Any CPU
		{E225D504-5B2D-44B1-ABDB-51A38729D088}.Release|Any CPU.Build.0 = Release|Any CPU
		{CB508390-DE80-48D1-9962-6C991287552A}.Debug|Any CPU.ActiveCfg = Debug|Any CPU
		{CB508390-DE80-48D1-9962-6C991287552A}.Debug|Any CPU.Build.0 = Debug|Any CPU
		{CB508390-DE80-48D1-9962-6C991287552A}.Release|Any CPU.ActiveCfg = Release|Any CPU
		{CB508390-DE80-48D1-9962-6C991287552A}.Release|Any CPU.Build.0 = Release|Any CPU
		{30503930-E971-49C1-8BC4-FABE10442C3A}.Debug|Any CPU.ActiveCfg = Debug|Any CPU
		{30503930-E971-49C1-8BC4-FABE10442C3A}.Debug|Any CPU.Build.0 = Debug|Any CPU
		{30503930-E971-49C1-8BC4-FABE10442C3A}.Release|Any CPU.ActiveCfg = Release|Any CPU
		{30503930-E971-49C1-8BC4-FABE10442C3A}.Release|Any CPU.Build.0 = Release|Any CPU
		{40C1719A-A97F-48AF-8826-7593EC767633}.Debug|Any CPU.ActiveCfg = Debug|Any CPU
		{40C1719A-A97F-48AF-8826-7593EC767633}.Debug|Any CPU.Build.0 = Debug|Any CPU
		{40C1719A-A97F-48AF-8826-7593EC767633}.Release|Any CPU.ActiveCfg = Release|Any CPU
		{40C1719A-A97F-48AF-8826-7593EC767633}.Release|Any CPU.Build.0 = Release|Any CPU
		{54E32B35-B0A2-4FE0-97E7-53FFDE2FCFE3}.Debug|Any CPU.ActiveCfg = Debug|Any CPU
		{54E32B35-B0A2-4FE0-97E7-53FFDE2FCFE3}.Debug|Any CPU.Build.0 = Debug|Any CPU
		{54E32B35-B0A2-4FE0-97E7-53FFDE2FCFE3}.Release|Any CPU.ActiveCfg = Release|Any CPU
		{54E32B35-B0A2-4FE0-97E7-53FFDE2FCFE3}.Release|Any CPU.Build.0 = Release|Any CPU
		{E4DA59BF-5FCE-47BE-9523-EEDB24924D2E}.Debug|Any CPU.ActiveCfg = Debug|Any CPU
		{E4DA59BF-5FCE-47BE-9523-EEDB24924D2E}.Debug|Any CPU.Build.0 = Debug|Any CPU
		{E4DA59BF-5FCE-47BE-9523-EEDB24924D2E}.Release|Any CPU.ActiveCfg = Release|Any CPU
		{E4DA59BF-5FCE-47BE-9523-EEDB24924D2E}.Release|Any CPU.Build.0 = Release|Any CPU
		{6FF20EE2-E68E-42A4-8C99-0F35A72B1085}.Debug|Any CPU.ActiveCfg = Debug|Any CPU
		{6FF20EE2-E68E-42A4-8C99-0F35A72B1085}.Debug|Any CPU.Build.0 = Debug|Any CPU
		{6FF20EE2-E68E-42A4-8C99-0F35A72B1085}.Release|Any CPU.ActiveCfg = Release|Any CPU
		{6FF20EE2-E68E-42A4-8C99-0F35A72B1085}.Release|Any CPU.Build.0 = Release|Any CPU
		{5BE2E5CE-A870-4DFF-B917-81AD41453189}.Debug|Any CPU.ActiveCfg = Debug|Any CPU
		{5BE2E5CE-A870-4DFF-B917-81AD41453189}.Debug|Any CPU.Build.0 = Debug|Any CPU
		{5BE2E5CE-A870-4DFF-B917-81AD41453189}.Release|Any CPU.ActiveCfg = Release|Any CPU
		{5BE2E5CE-A870-4DFF-B917-81AD41453189}.Release|Any CPU.Build.0 = Release|Any CPU
		{AD38EB53-B85B-4A93-A558-25B4D685D601}.Debug|Any CPU.ActiveCfg = Debug|Any CPU
		{AD38EB53-B85B-4A93-A558-25B4D685D601}.Debug|Any CPU.Build.0 = Debug|Any CPU
		{AD38EB53-B85B-4A93-A558-25B4D685D601}.Release|Any CPU.ActiveCfg = Release|Any CPU
		{AD38EB53-B85B-4A93-A558-25B4D685D601}.Release|Any CPU.Build.0 = Release|Any CPU
		{0BC21148-EA56-4F76-AC39-764874D22987}.Debug|Any CPU.ActiveCfg = Debug|Any CPU
		{0BC21148-EA56-4F76-AC39-764874D22987}.Debug|Any CPU.Build.0 = Debug|Any CPU
		{0BC21148-EA56-4F76-AC39-764874D22987}.Release|Any CPU.ActiveCfg = Release|Any CPU
		{0BC21148-EA56-4F76-AC39-764874D22987}.Release|Any CPU.Build.0 = Release|Any CPU
	EndGlobalSection
	GlobalSection(SolutionProperties) = preSolution
		HideSolutionNode = FALSE
	EndGlobalSection
	GlobalSection(NestedProjects) = preSolution
		{A1B27BE5-4EB3-4699-91CA-839752A0D603} = {0BD1E544-05F3-4595-93B9-4679C4F52958}
		{E225D504-5B2D-44B1-ABDB-51A38729D088} = {0BD1E544-05F3-4595-93B9-4679C4F52958}
		{CB508390-DE80-48D1-9962-6C991287552A} = {0BD1E544-05F3-4595-93B9-4679C4F52958}
		{40C1719A-A97F-48AF-8826-7593EC767633} = {0BD1E544-05F3-4595-93B9-4679C4F52958}
		{54E32B35-B0A2-4FE0-97E7-53FFDE2FCFE3} = {0BD1E544-05F3-4595-93B9-4679C4F52958}
		{6FF20EE2-E68E-42A4-8C99-0F35A72B1085} = {0BD1E544-05F3-4595-93B9-4679C4F52958}
		{30503930-E971-49C1-8BC4-FABE10442C3A} = {36653A88-0A3A-438E-96E4-17EDFA875AF2}
		{90D81BFE-BAFB-41FF-AC45-92FF425E694B} = {36653A88-0A3A-438E-96E4-17EDFA875AF2}
		{E4DA59BF-5FCE-47BE-9523-EEDB24924D2E} = {36653A88-0A3A-438E-96E4-17EDFA875AF2}
		{5BE2E5CE-A870-4DFF-B917-81AD41453189} = {9B5F6625-D22D-4DD6-876B-68082CED5C1C}
		{AD38EB53-B85B-4A93-A558-25B4D685D601} = {99A6C42D-194E-4B76-83A5-ED6373576B00}
		{0BC21148-EA56-4F76-AC39-764874D22987} = {E7234E81-FDE5-4063-91D7-9D12CD5F0EF6}
	EndGlobalSection
EndGlobal
